// !$*UTF8*$!
{
	archiveVersion = 1;
	classes = {
	};
	objectVersion = 52;
	objects = {

/* Begin PBXBuildFile section */
		200A5F7F24ABA4E60028180B /* GraphismTests.swift in Sources */ = {isa = PBXBuildFile; fileRef = 200A5F7E24ABA4E60028180B /* GraphismTests.swift */; };
		203A3ECC24CF442C002EAE2B /* Localizable.strings in Resources */ = {isa = PBXBuildFile; fileRef = 203A3ECF24CF442C002EAE2B /* Localizable.strings */; };
		203A3ECD24CF442C002EAE2B /* Localizable.strings in Resources */ = {isa = PBXBuildFile; fileRef = 203A3ECF24CF442C002EAE2B /* Localizable.strings */; };
		2063128024A8C38D0095911B /* GraphismApp.swift in Sources */ = {isa = PBXBuildFile; fileRef = 2063126C24A8C3790095911B /* GraphismApp.swift */; };
		2063128124A8C38D0095911B /* GraphismApp.swift in Sources */ = {isa = PBXBuildFile; fileRef = 2063126C24A8C3790095911B /* GraphismApp.swift */; };
		2063128224A8C38D0095911B /* GraphismDocument.swift in Sources */ = {isa = PBXBuildFile; fileRef = 2063126D24A8C3790095911B /* GraphismDocument.swift */; };
		2063128324A8C38D0095911B /* GraphismDocument.swift in Sources */ = {isa = PBXBuildFile; fileRef = 2063126D24A8C3790095911B /* GraphismDocument.swift */; };
		2063128424A8C38D0095911B /* ContentView.swift in Sources */ = {isa = PBXBuildFile; fileRef = 2063126E24A8C3790095911B /* ContentView.swift */; };
		2063128524A8C38D0095911B /* ContentView.swift in Sources */ = {isa = PBXBuildFile; fileRef = 2063126E24A8C3790095911B /* ContentView.swift */; };
		2063128624A8C38D0095911B /* Assets.xcassets in Resources */ = {isa = PBXBuildFile; fileRef = 2063126F24A8C38D0095911B /* Assets.xcassets */; };
		2063128724A8C38D0095911B /* Assets.xcassets in Resources */ = {isa = PBXBuildFile; fileRef = 2063126F24A8C38D0095911B /* Assets.xcassets */; };
		2093A17D26D6C1A2004D24D8 /* GRPHValue+SwiftUI.swift in Sources */ = {isa = PBXBuildFile; fileRef = 20A1EF7424C37D8A000F67FB /* GRPHValue+SwiftUI.swift */; };
		209DCD07276E361000BB4B04 /* GRPHRuntime in Frameworks */ = {isa = PBXBuildFile; productRef = 209DCD06276E361000BB4B04 /* GRPHRuntime */; };
		209DCD09276E361800BB4B04 /* GRPHGenerator in Frameworks */ = {isa = PBXBuildFile; productRef = 209DCD08276E361800BB4B04 /* GRPHGenerator */; };
		209DCD0B276E363700BB4B04 /* GRPHRuntime in Frameworks */ = {isa = PBXBuildFile; productRef = 209DCD0A276E363700BB4B04 /* GRPHRuntime */; };
		209DCD0D276E363B00BB4B04 /* GRPHGenerator in Frameworks */ = {isa = PBXBuildFile; productRef = 209DCD0C276E363B00BB4B04 /* GRPHGenerator */; };
		20A1EF7024C37796000F67FB /* GShape+SwiftUI.swift in Sources */ = {isa = PBXBuildFile; fileRef = 20A1EF6F24C37796000F67FB /* GShape+SwiftUI.swift */; };
		20A1EF7124C37796000F67FB /* GShape+SwiftUI.swift in Sources */ = {isa = PBXBuildFile; fileRef = 20A1EF6F24C37796000F67FB /* GShape+SwiftUI.swift */; };
		20A1EF7524C37D8A000F67FB /* GRPHValue+SwiftUI.swift in Sources */ = {isa = PBXBuildFile; fileRef = 20A1EF7424C37D8A000F67FB /* GRPHValue+SwiftUI.swift */; };
		20A1EF7624C37D8A000F67FB /* GRPHValue+SwiftUI.swift in Sources */ = {isa = PBXBuildFile; fileRef = 20A1EF7424C37D8A000F67FB /* GRPHValue+SwiftUI.swift */; };
/* End PBXBuildFile section */

/* Begin PBXFileReference section */
		200A5F7C24ABA4E60028180B /* GraphismTests.xctest */ = {isa = PBXFileReference; explicitFileType = wrapper.cfbundle; includeInIndex = 0; path = GraphismTests.xctest; sourceTree = BUILT_PRODUCTS_DIR; };
		200A5F7E24ABA4E60028180B /* GraphismTests.swift */ = {isa = PBXFileReference; lastKnownFileType = sourcecode.swift; path = GraphismTests.swift; sourceTree = "<group>"; };
		200A5F8024ABA4E60028180B /* Info.plist */ = {isa = PBXFileReference; lastKnownFileType = text.plist.xml; path = Info.plist; sourceTree = "<group>"; };
		203A3ECE24CF442C002EAE2B /* en */ = {isa = PBXFileReference; lastKnownFileType = text.plist.strings; name = en; path = en.lproj/Localizable.strings; sourceTree = "<group>"; };
		203A3ED024CF4451002EAE2B /* fr */ = {isa = PBXFileReference; lastKnownFileType = text.plist.strings; name = fr; path = fr.lproj/Localizable.strings; sourceTree = "<group>"; };
		203A3ED124CF4467002EAE2B /* da */ = {isa = PBXFileReference; lastKnownFileType = text.plist.strings; name = da; path = da.lproj/Localizable.strings; sourceTree = "<group>"; };
		2063126C24A8C3790095911B /* GraphismApp.swift */ = {isa = PBXFileReference; lastKnownFileType = sourcecode.swift; path = GraphismApp.swift; sourceTree = "<group>"; };
		2063126D24A8C3790095911B /* GraphismDocument.swift */ = {isa = PBXFileReference; lastKnownFileType = sourcecode.swift; path = GraphismDocument.swift; sourceTree = "<group>"; };
		2063126E24A8C3790095911B /* ContentView.swift */ = {isa = PBXFileReference; lastKnownFileType = sourcecode.swift; path = ContentView.swift; sourceTree = "<group>"; };
		2063126F24A8C38D0095911B /* Assets.xcassets */ = {isa = PBXFileReference; lastKnownFileType = folder.assetcatalog; path = Assets.xcassets; sourceTree = "<group>"; };
		2063127424A8C38D0095911B /* Graphism.app */ = {isa = PBXFileReference; explicitFileType = wrapper.application; includeInIndex = 0; path = Graphism.app; sourceTree = BUILT_PRODUCTS_DIR; };
		2063127724A8C38D0095911B /* Info.plist */ = {isa = PBXFileReference; lastKnownFileType = text.plist.xml; path = Info.plist; sourceTree = "<group>"; };
		2063127C24A8C38D0095911B /* Graphism.app */ = {isa = PBXFileReference; explicitFileType = wrapper.application; includeInIndex = 0; path = Graphism.app; sourceTree = BUILT_PRODUCTS_DIR; };
		2063127E24A8C38D0095911B /* Info.plist */ = {isa = PBXFileReference; lastKnownFileType = text.plist.xml; path = Info.plist; sourceTree = "<group>"; };
		2063127F24A8C38D0095911B /* macOS.entitlements */ = {isa = PBXFileReference; lastKnownFileType = text.plist.entitlements; path = macOS.entitlements; sourceTree = "<group>"; };
		207FD0122544E5CE00F8B0ED /* README.md */ = {isa = PBXFileReference; lastKnownFileType = net.daringfireball.markdown; path = README.md; sourceTree = "<group>"; };
		207FD0132544F14D00F8B0ED /* COPYING */ = {isa = PBXFileReference; lastKnownFileType = text; path = COPYING; sourceTree = "<group>"; };
		20A1EF6F24C37796000F67FB /* GShape+SwiftUI.swift */ = {isa = PBXFileReference; lastKnownFileType = sourcecode.swift; path = "GShape+SwiftUI.swift"; sourceTree = "<group>"; };
		20A1EF7424C37D8A000F67FB /* GRPHValue+SwiftUI.swift */ = {isa = PBXFileReference; fileEncoding = 4; lastKnownFileType = sourcecode.swift; path = "GRPHValue+SwiftUI.swift"; sourceTree = "<group>"; };
		20FD1DA524A8E3240027232B /* .gitignore */ = {isa = PBXFileReference; lastKnownFileType = text; path = .gitignore; sourceTree = "<group>"; };
/* End PBXFileReference section */

/* Begin PBXFrameworksBuildPhase section */
		200A5F7924ABA4E60028180B /* Frameworks */ = {
			isa = PBXFrameworksBuildPhase;
			buildActionMask = 2147483647;
			files = (
			);
			runOnlyForDeploymentPostprocessing = 0;
		};
		2063127124A8C38D0095911B /* Frameworks */ = {
			isa = PBXFrameworksBuildPhase;
			buildActionMask = 2147483647;
			files = (
				209DCD0B276E363700BB4B04 /* GRPHRuntime in Frameworks */,
				209DCD0D276E363B00BB4B04 /* GRPHGenerator in Frameworks */,
			);
			runOnlyForDeploymentPostprocessing = 0;
		};
		2063127924A8C38D0095911B /* Frameworks */ = {
			isa = PBXFrameworksBuildPhase;
			buildActionMask = 2147483647;
			files = (
				209DCD09276E361800BB4B04 /* GRPHGenerator in Frameworks */,
				209DCD07276E361000BB4B04 /* GRPHRuntime in Frameworks */,
			);
			runOnlyForDeploymentPostprocessing = 0;
		};
/* End PBXFrameworksBuildPhase section */

/* Begin PBXGroup section */
		200A5F7D24ABA4E60028180B /* GraphismTests */ = {
			isa = PBXGroup;
			children = (
				200A5F7E24ABA4E60028180B /* GraphismTests.swift */,
				200A5F8024ABA4E60028180B /* Info.plist */,
			);
			path = GraphismTests;
			sourceTree = "<group>";
		};
		2063126624A8C3790095911B = {
			isa = PBXGroup;
			children = (
				207FD0122544E5CE00F8B0ED /* README.md */,
				207FD0132544F14D00F8B0ED /* COPYING */,
				20FD1DA524A8E3240027232B /* .gitignore */,
				2063126B24A8C3790095911B /* Shared */,
				2063127624A8C38D0095911B /* iOS */,
				2063127D24A8C38D0095911B /* macOS */,
				200A5F7D24ABA4E60028180B /* GraphismTests */,
				2063127524A8C38D0095911B /* Products */,
				209DCD03276E35FE00BB4B04 /* Frameworks */,
			);
			sourceTree = "<group>";
		};
		2063126B24A8C3790095911B /* Shared */ = {
			isa = PBXGroup;
			children = (
				2063126C24A8C3790095911B /* GraphismApp.swift */,
				2063126D24A8C3790095911B /* GraphismDocument.swift */,
				2063126E24A8C3790095911B /* ContentView.swift */,
				20A1EF6F24C37796000F67FB /* GShape+SwiftUI.swift */,
				20A1EF7424C37D8A000F67FB /* GRPHValue+SwiftUI.swift */,
				2063126F24A8C38D0095911B /* Assets.xcassets */,
				203A3ECF24CF442C002EAE2B /* Localizable.strings */,
			);
			path = Shared;
			sourceTree = "<group>";
		};
		2063127524A8C38D0095911B /* Products */ = {
			isa = PBXGroup;
			children = (
				2063127424A8C38D0095911B /* Graphism.app */,
				2063127C24A8C38D0095911B /* Graphism.app */,
				200A5F7C24ABA4E60028180B /* GraphismTests.xctest */,
			);
			name = Products;
			sourceTree = "<group>";
		};
		2063127624A8C38D0095911B /* iOS */ = {
			isa = PBXGroup;
			children = (
				2063127724A8C38D0095911B /* Info.plist */,
			);
			path = iOS;
			sourceTree = "<group>";
		};
		2063127D24A8C38D0095911B /* macOS */ = {
			isa = PBXGroup;
			children = (
				2063127E24A8C38D0095911B /* Info.plist */,
				2063127F24A8C38D0095911B /* macOS.entitlements */,
			);
			path = macOS;
			sourceTree = "<group>";
		};
		209DCD03276E35FE00BB4B04 /* Frameworks */ = {
			isa = PBXGroup;
			children = (
			);
			name = Frameworks;
			sourceTree = "<group>";
		};
/* End PBXGroup section */

/* Begin PBXNativeTarget section */
		200A5F7B24ABA4E60028180B /* GraphismTests */ = {
			isa = PBXNativeTarget;
			buildConfigurationList = 200A5F8124ABA4E60028180B /* Build configuration list for PBXNativeTarget "GraphismTests" */;
			buildPhases = (
				200A5F7824ABA4E60028180B /* Sources */,
				200A5F7924ABA4E60028180B /* Frameworks */,
				200A5F7A24ABA4E60028180B /* Resources */,
			);
			buildRules = (
			);
			dependencies = (
			);
			name = GraphismTests;
			productName = GraphismTests;
			productReference = 200A5F7C24ABA4E60028180B /* GraphismTests.xctest */;
			productType = "com.apple.product-type.bundle.unit-test";
		};
		2063127324A8C38D0095911B /* iOS */ = {
			isa = PBXNativeTarget;
			buildConfigurationList = 2063128A24A8C38D0095911B /* Build configuration list for PBXNativeTarget "iOS" */;
			buildPhases = (
				2063127024A8C38D0095911B /* Sources */,
				2063127124A8C38D0095911B /* Frameworks */,
				2063127224A8C38D0095911B /* Resources */,
			);
			buildRules = (
			);
			dependencies = (
				209DCCFC276E348300BB4B04 /* PBXTargetDependency */,
				209DCCF6276E341D00BB4B04 /* PBXTargetDependency */,
			);
			name = iOS;
			packageProductDependencies = (
				209DCD0A276E363700BB4B04 /* GRPHRuntime */,
				209DCD0C276E363B00BB4B04 /* GRPHGenerator */,
			);
			productName = iOS;
			productReference = 2063127424A8C38D0095911B /* Graphism.app */;
			productType = "com.apple.product-type.application";
		};
		2063127B24A8C38D0095911B /* macOS */ = {
			isa = PBXNativeTarget;
			buildConfigurationList = 2063128D24A8C38D0095911B /* Build configuration list for PBXNativeTarget "macOS" */;
			buildPhases = (
				2063127824A8C38D0095911B /* Sources */,
				2063127924A8C38D0095911B /* Frameworks */,
				2063127A24A8C38D0095911B /* Resources */,
			);
			buildRules = (
			);
			dependencies = (
				209DCCFA276E347F00BB4B04 /* PBXTargetDependency */,
				209DCCF8276E342200BB4B04 /* PBXTargetDependency */,
			);
			name = macOS;
			packageProductDependencies = (
				209DCD06276E361000BB4B04 /* GRPHRuntime */,
				209DCD08276E361800BB4B04 /* GRPHGenerator */,
			);
			productName = macOS;
			productReference = 2063127C24A8C38D0095911B /* Graphism.app */;
			productType = "com.apple.product-type.application";
		};
/* End PBXNativeTarget section */

/* Begin PBXProject section */
		2063126724A8C3790095911B /* Project object */ = {
			isa = PBXProject;
			attributes = {
				LastSwiftUpdateCheck = 1200;
				LastUpgradeCheck = 1220;
				TargetAttributes = {
					200A5F7B24ABA4E60028180B = {
						CreatedOnToolsVersion = 12.0;
					};
					2063127324A8C38D0095911B = {
						CreatedOnToolsVersion = 12.0;
					};
					2063127B24A8C38D0095911B = {
						CreatedOnToolsVersion = 12.0;
					};
				};
			};
			buildConfigurationList = 2063126A24A8C3790095911B /* Build configuration list for PBXProject "Graphism" */;
			compatibilityVersion = "Xcode 9.3";
			developmentRegion = en;
			hasScannedForEncodings = 0;
			knownRegions = (
				en,
				Base,
				fr,
				da,
			);
			mainGroup = 2063126624A8C3790095911B;
			packageReferences = (
				209DCCF4276E30DD00BB4B04 /* XCRemoteSwiftPackageReference "grph" */,
			);
			productRefGroup = 2063127524A8C38D0095911B /* Products */;
			projectDirPath = "";
			projectRoot = "";
			targets = (
				2063127324A8C38D0095911B /* iOS */,
				2063127B24A8C38D0095911B /* macOS */,
				200A5F7B24ABA4E60028180B /* GraphismTests */,
			);
		};
/* End PBXProject section */

/* Begin PBXResourcesBuildPhase section */
		200A5F7A24ABA4E60028180B /* Resources */ = {
			isa = PBXResourcesBuildPhase;
			buildActionMask = 2147483647;
			files = (
			);
			runOnlyForDeploymentPostprocessing = 0;
		};
		2063127224A8C38D0095911B /* Resources */ = {
			isa = PBXResourcesBuildPhase;
			buildActionMask = 2147483647;
			files = (
				2063128624A8C38D0095911B /* Assets.xcassets in Resources */,
				203A3ECC24CF442C002EAE2B /* Localizable.strings in Resources */,
			);
			runOnlyForDeploymentPostprocessing = 0;
		};
		2063127A24A8C38D0095911B /* Resources */ = {
			isa = PBXResourcesBuildPhase;
			buildActionMask = 2147483647;
			files = (
				2063128724A8C38D0095911B /* Assets.xcassets in Resources */,
				203A3ECD24CF442C002EAE2B /* Localizable.strings in Resources */,
			);
			runOnlyForDeploymentPostprocessing = 0;
		};
/* End PBXResourcesBuildPhase section */

/* Begin PBXSourcesBuildPhase section */
		200A5F7824ABA4E60028180B /* Sources */ = {
			isa = PBXSourcesBuildPhase;
			buildActionMask = 2147483647;
			files = (
				2093A17D26D6C1A2004D24D8 /* GRPHValue+SwiftUI.swift in Sources */,
				200A5F7F24ABA4E60028180B /* GraphismTests.swift in Sources */,
			);
			runOnlyForDeploymentPostprocessing = 0;
		};
		2063127024A8C38D0095911B /* Sources */ = {
			isa = PBXSourcesBuildPhase;
			buildActionMask = 2147483647;
			files = (
				2063128024A8C38D0095911B /* GraphismApp.swift in Sources */,
				2063128224A8C38D0095911B /* GraphismDocument.swift in Sources */,
				20A1EF7524C37D8A000F67FB /* GRPHValue+SwiftUI.swift in Sources */,
				20A1EF7024C37796000F67FB /* GShape+SwiftUI.swift in Sources */,
				2063128424A8C38D0095911B /* ContentView.swift in Sources */,
			);
			runOnlyForDeploymentPostprocessing = 0;
		};
		2063127824A8C38D0095911B /* Sources */ = {
			isa = PBXSourcesBuildPhase;
			buildActionMask = 2147483647;
			files = (
				2063128124A8C38D0095911B /* GraphismApp.swift in Sources */,
				2063128324A8C38D0095911B /* GraphismDocument.swift in Sources */,
				20A1EF7624C37D8A000F67FB /* GRPHValue+SwiftUI.swift in Sources */,
				20A1EF7124C37796000F67FB /* GShape+SwiftUI.swift in Sources */,
				2063128524A8C38D0095911B /* ContentView.swift in Sources */,
			);
			runOnlyForDeploymentPostprocessing = 0;
		};
/* End PBXSourcesBuildPhase section */

/* Begin PBXTargetDependency section */
		209DCCF6276E341D00BB4B04 /* PBXTargetDependency */ = {
			isa = PBXTargetDependency;
			productRef = 209DCCF5276E341D00BB4B04 /* GRPHGenerator */;
		};
		209DCCF8276E342200BB4B04 /* PBXTargetDependency */ = {
			isa = PBXTargetDependency;
			productRef = 209DCCF7276E342200BB4B04 /* GRPHGenerator */;
		};
		209DCCFA276E347F00BB4B04 /* PBXTargetDependency */ = {
			isa = PBXTargetDependency;
			productRef = 209DCCF9276E347F00BB4B04 /* GRPHRuntime */;
		};
		209DCCFC276E348300BB4B04 /* PBXTargetDependency */ = {
			isa = PBXTargetDependency;
			productRef = 209DCCFB276E348300BB4B04 /* GRPHRuntime */;
		};
/* End PBXTargetDependency section */

/* Begin PBXVariantGroup section */
		203A3ECF24CF442C002EAE2B /* Localizable.strings */ = {
			isa = PBXVariantGroup;
			children = (
				203A3ECE24CF442C002EAE2B /* en */,
				203A3ED024CF4451002EAE2B /* fr */,
				203A3ED124CF4467002EAE2B /* da */,
			);
			name = Localizable.strings;
			sourceTree = "<group>";
		};
/* End PBXVariantGroup section */

/* Begin XCBuildConfiguration section */
		200A5F8224ABA4E60028180B /* Debug */ = {
			isa = XCBuildConfiguration;
			buildSettings = {
				CODE_SIGN_STYLE = Automatic;
				COMBINE_HIDPI_IMAGES = YES;
				DEVELOPMENT_TEAM = PKKP3P6RGM;
				INFOPLIST_FILE = GraphismTests/Info.plist;
				LD_RUNPATH_SEARCH_PATHS = (
					"$(inherited)",
					"@executable_path/../Frameworks",
					"@loader_path/../Frameworks",
				);
				MACOSX_DEPLOYMENT_TARGET = 10.15;
				PRODUCT_BUNDLE_IDENTIFIER = fr.orbisec.GraphismTests;
				PRODUCT_NAME = "$(TARGET_NAME)";
				SDKROOT = macosx;
				SWIFT_VERSION = 5.0;
			};
			name = Debug;
		};
		200A5F8324ABA4E60028180B /* Release */ = {
			isa = XCBuildConfiguration;
			buildSettings = {
				CODE_SIGN_STYLE = Automatic;
				COMBINE_HIDPI_IMAGES = YES;
				DEVELOPMENT_TEAM = PKKP3P6RGM;
				INFOPLIST_FILE = GraphismTests/Info.plist;
				LD_RUNPATH_SEARCH_PATHS = (
					"$(inherited)",
					"@executable_path/../Frameworks",
					"@loader_path/../Frameworks",
				);
				MACOSX_DEPLOYMENT_TARGET = 10.15;
				PRODUCT_BUNDLE_IDENTIFIER = fr.orbisec.GraphismTests;
				PRODUCT_NAME = "$(TARGET_NAME)";
				SDKROOT = macosx;
				SWIFT_VERSION = 5.0;
			};
			name = Release;
		};
		2063128824A8C38D0095911B /* Debug */ = {
			isa = XCBuildConfiguration;
			buildSettings = {
				ALWAYS_SEARCH_USER_PATHS = NO;
				CLANG_ANALYZER_LOCALIZABILITY_NONLOCALIZED = YES;
				CLANG_ANALYZER_NONNULL = YES;
				CLANG_ANALYZER_NUMBER_OBJECT_CONVERSION = YES_AGGRESSIVE;
				CLANG_CXX_LANGUAGE_STANDARD = "gnu++14";
				CLANG_CXX_LIBRARY = "libc++";
				CLANG_ENABLE_MODULES = YES;
				CLANG_ENABLE_OBJC_ARC = YES;
				CLANG_ENABLE_OBJC_WEAK = YES;
				CLANG_WARN_BLOCK_CAPTURE_AUTORELEASING = YES;
				CLANG_WARN_BOOL_CONVERSION = YES;
				CLANG_WARN_COMMA = YES;
				CLANG_WARN_CONSTANT_CONVERSION = YES;
				CLANG_WARN_DEPRECATED_OBJC_IMPLEMENTATIONS = YES;
				CLANG_WARN_DIRECT_OBJC_ISA_USAGE = YES_ERROR;
				CLANG_WARN_DOCUMENTATION_COMMENTS = YES;
				CLANG_WARN_EMPTY_BODY = YES;
				CLANG_WARN_ENUM_CONVERSION = YES;
				CLANG_WARN_INFINITE_RECURSION = YES;
				CLANG_WARN_INT_CONVERSION = YES;
				CLANG_WARN_NON_LITERAL_NULL_CONVERSION = YES;
				CLANG_WARN_OBJC_IMPLICIT_RETAIN_SELF = YES;
				CLANG_WARN_OBJC_LITERAL_CONVERSION = YES;
				CLANG_WARN_OBJC_ROOT_CLASS = YES_ERROR;
				CLANG_WARN_QUOTED_INCLUDE_IN_FRAMEWORK_HEADER = YES;
				CLANG_WARN_RANGE_LOOP_ANALYSIS = YES;
				CLANG_WARN_STRICT_PROTOTYPES = YES;
				CLANG_WARN_SUSPICIOUS_MOVE = YES;
				CLANG_WARN_UNGUARDED_AVAILABILITY = YES_AGGRESSIVE;
				CLANG_WARN_UNREACHABLE_CODE = YES;
				CLANG_WARN__DUPLICATE_METHOD_MATCH = YES;
				COPY_PHASE_STRIP = NO;
				DEBUG_INFORMATION_FORMAT = dwarf;
				ENABLE_STRICT_OBJC_MSGSEND = YES;
				ENABLE_TESTABILITY = YES;
				GCC_C_LANGUAGE_STANDARD = gnu11;
				GCC_DYNAMIC_NO_PIC = NO;
				GCC_NO_COMMON_BLOCKS = YES;
				GCC_OPTIMIZATION_LEVEL = 0;
				GCC_PREPROCESSOR_DEFINITIONS = (
					"DEBUG=1",
					"$(inherited)",
				);
				GCC_WARN_64_TO_32_BIT_CONVERSION = YES;
				GCC_WARN_ABOUT_RETURN_TYPE = YES_ERROR;
				GCC_WARN_UNDECLARED_SELECTOR = YES;
				GCC_WARN_UNINITIALIZED_AUTOS = YES_AGGRESSIVE;
				GCC_WARN_UNUSED_FUNCTION = YES;
				GCC_WARN_UNUSED_VARIABLE = YES;
				MTL_ENABLE_DEBUG_INFO = INCLUDE_SOURCE;
				MTL_FAST_MATH = YES;
				ONLY_ACTIVE_ARCH = YES;
				SWIFT_ACTIVE_COMPILATION_CONDITIONS = DEBUG;
				SWIFT_OPTIMIZATION_LEVEL = "-Onone";
			};
			name = Debug;
		};
		2063128924A8C38D0095911B /* Release */ = {
			isa = XCBuildConfiguration;
			buildSettings = {
				ALWAYS_SEARCH_USER_PATHS = NO;
				CLANG_ANALYZER_LOCALIZABILITY_NONLOCALIZED = YES;
				CLANG_ANALYZER_NONNULL = YES;
				CLANG_ANALYZER_NUMBER_OBJECT_CONVERSION = YES_AGGRESSIVE;
				CLANG_CXX_LANGUAGE_STANDARD = "gnu++14";
				CLANG_CXX_LIBRARY = "libc++";
				CLANG_ENABLE_MODULES = YES;
				CLANG_ENABLE_OBJC_ARC = YES;
				CLANG_ENABLE_OBJC_WEAK = YES;
				CLANG_WARN_BLOCK_CAPTURE_AUTORELEASING = YES;
				CLANG_WARN_BOOL_CONVERSION = YES;
				CLANG_WARN_COMMA = YES;
				CLANG_WARN_CONSTANT_CONVERSION = YES;
				CLANG_WARN_DEPRECATED_OBJC_IMPLEMENTATIONS = YES;
				CLANG_WARN_DIRECT_OBJC_ISA_USAGE = YES_ERROR;
				CLANG_WARN_DOCUMENTATION_COMMENTS = YES;
				CLANG_WARN_EMPTY_BODY = YES;
				CLANG_WARN_ENUM_CONVERSION = YES;
				CLANG_WARN_INFINITE_RECURSION = YES;
				CLANG_WARN_INT_CONVERSION = YES;
				CLANG_WARN_NON_LITERAL_NULL_CONVERSION = YES;
				CLANG_WARN_OBJC_IMPLICIT_RETAIN_SELF = YES;
				CLANG_WARN_OBJC_LITERAL_CONVERSION = YES;
				CLANG_WARN_OBJC_ROOT_CLASS = YES_ERROR;
				CLANG_WARN_QUOTED_INCLUDE_IN_FRAMEWORK_HEADER = YES;
				CLANG_WARN_RANGE_LOOP_ANALYSIS = YES;
				CLANG_WARN_STRICT_PROTOTYPES = YES;
				CLANG_WARN_SUSPICIOUS_MOVE = YES;
				CLANG_WARN_UNGUARDED_AVAILABILITY = YES_AGGRESSIVE;
				CLANG_WARN_UNREACHABLE_CODE = YES;
				CLANG_WARN__DUPLICATE_METHOD_MATCH = YES;
				COPY_PHASE_STRIP = NO;
				DEBUG_INFORMATION_FORMAT = "dwarf-with-dsym";
				ENABLE_NS_ASSERTIONS = NO;
				ENABLE_STRICT_OBJC_MSGSEND = YES;
				GCC_C_LANGUAGE_STANDARD = gnu11;
				GCC_NO_COMMON_BLOCKS = YES;
				GCC_WARN_64_TO_32_BIT_CONVERSION = YES;
				GCC_WARN_ABOUT_RETURN_TYPE = YES_ERROR;
				GCC_WARN_UNDECLARED_SELECTOR = YES;
				GCC_WARN_UNINITIALIZED_AUTOS = YES_AGGRESSIVE;
				GCC_WARN_UNUSED_FUNCTION = YES;
				GCC_WARN_UNUSED_VARIABLE = YES;
				MTL_ENABLE_DEBUG_INFO = NO;
				MTL_FAST_MATH = YES;
				SWIFT_COMPILATION_MODE = wholemodule;
				SWIFT_OPTIMIZATION_LEVEL = "-O";
			};
			name = Release;
		};
		2063128B24A8C38D0095911B /* Debug */ = {
			isa = XCBuildConfiguration;
			buildSettings = {
				ASSETCATALOG_COMPILER_APPICON_NAME = AppIcon;
				ASSETCATALOG_COMPILER_GLOBAL_ACCENT_COLOR_NAME = AccentColor;
				CODE_SIGN_STYLE = Automatic;
				DEVELOPMENT_TEAM = PKKP3P6RGM;
				ENABLE_PREVIEWS = YES;
				INFOPLIST_FILE = iOS/Info.plist;
				IPHONEOS_DEPLOYMENT_TARGET = 14.0;
				LD_RUNPATH_SEARCH_PATHS = (
					"$(inherited)",
					"@executable_path/Frameworks",
				);
				NEW_SETTING = "";
				OTHER_SWIFT_FLAGS = "";
				PRODUCT_BUNDLE_IDENTIFIER = fr.orbisec.Graphism;
				PRODUCT_NAME = Graphism;
				SDKROOT = iphoneos;
				SWIFT_ACTIVE_COMPILATION_CONDITIONS = "DEBUG GRAPHICAL";
				SWIFT_VERSION = 5.0;
				TARGETED_DEVICE_FAMILY = "1,2";
			};
			name = Debug;
		};
		2063128C24A8C38D0095911B /* Release */ = {
			isa = XCBuildConfiguration;
			buildSettings = {
				ASSETCATALOG_COMPILER_APPICON_NAME = AppIcon;
				ASSETCATALOG_COMPILER_GLOBAL_ACCENT_COLOR_NAME = AccentColor;
				CODE_SIGN_STYLE = Automatic;
				DEVELOPMENT_TEAM = PKKP3P6RGM;
				ENABLE_PREVIEWS = YES;
				INFOPLIST_FILE = iOS/Info.plist;
				IPHONEOS_DEPLOYMENT_TARGET = 14.0;
				LD_RUNPATH_SEARCH_PATHS = (
					"$(inherited)",
					"@executable_path/Frameworks",
				);
				NEW_SETTING = "";
				OTHER_SWIFT_FLAGS = "";
				PRODUCT_BUNDLE_IDENTIFIER = fr.orbisec.Graphism;
				PRODUCT_NAME = Graphism;
				SDKROOT = iphoneos;
				SWIFT_ACTIVE_COMPILATION_CONDITIONS = GRAPHICAL;
				SWIFT_VERSION = 5.0;
				TARGETED_DEVICE_FAMILY = "1,2";
				VALIDATE_PRODUCT = YES;
			};
			name = Release;
		};
		2063128E24A8C38D0095911B /* Debug */ = {
			isa = XCBuildConfiguration;
			buildSettings = {
				ASSETCATALOG_COMPILER_APPICON_NAME = AppIcon;
				ASSETCATALOG_COMPILER_GLOBAL_ACCENT_COLOR_NAME = AccentColor;
				CODE_SIGN_ENTITLEMENTS = macOS/macOS.entitlements;
				CODE_SIGN_IDENTITY = "-";
				CODE_SIGN_STYLE = Automatic;
				COMBINE_HIDPI_IMAGES = YES;
				DEVELOPMENT_TEAM = PKKP3P6RGM;
				ENABLE_HARDENED_RUNTIME = YES;
				ENABLE_PREVIEWS = YES;
				INFOPLIST_FILE = macOS/Info.plist;
				LD_RUNPATH_SEARCH_PATHS = (
					"$(inherited)",
					"@executable_path/../Frameworks",
				);
				MACOSX_DEPLOYMENT_TARGET = 11.0;
				PRODUCT_BUNDLE_IDENTIFIER = fr.orbisec.Graphism;
				PRODUCT_NAME = Graphism;
				SDKROOT = macosx;
				SWIFT_ACTIVE_COMPILATION_CONDITIONS = "DEBUG GRAPHICAL";
				SWIFT_VERSION = 5.0;
			};
			name = Debug;
		};
		2063128F24A8C38D0095911B /* Release */ = {
			isa = XCBuildConfiguration;
			buildSettings = {
				ASSETCATALOG_COMPILER_APPICON_NAME = AppIcon;
				ASSETCATALOG_COMPILER_GLOBAL_ACCENT_COLOR_NAME = AccentColor;
				CODE_SIGN_ENTITLEMENTS = macOS/macOS.entitlements;
				CODE_SIGN_IDENTITY = "-";
				CODE_SIGN_STYLE = Automatic;
				COMBINE_HIDPI_IMAGES = YES;
				DEVELOPMENT_TEAM = PKKP3P6RGM;
				ENABLE_HARDENED_RUNTIME = YES;
				ENABLE_PREVIEWS = YES;
				INFOPLIST_FILE = macOS/Info.plist;
				LD_RUNPATH_SEARCH_PATHS = (
					"$(inherited)",
					"@executable_path/../Frameworks",
				);
				MACOSX_DEPLOYMENT_TARGET = 11.0;
				PRODUCT_BUNDLE_IDENTIFIER = fr.orbisec.Graphism;
				PRODUCT_NAME = Graphism;
				SDKROOT = macosx;
				SWIFT_ACTIVE_COMPILATION_CONDITIONS = GRAPHICAL;
				SWIFT_VERSION = 5.0;
			};
			name = Release;
		};
/* End XCBuildConfiguration section */

/* Begin XCConfigurationList section */
		200A5F8124ABA4E60028180B /* Build configuration list for PBXNativeTarget "GraphismTests" */ = {
			isa = XCConfigurationList;
			buildConfigurations = (
				200A5F8224ABA4E60028180B /* Debug */,
				200A5F8324ABA4E60028180B /* Release */,
			);
			defaultConfigurationIsVisible = 0;
			defaultConfigurationName = Release;
		};
		2063126A24A8C3790095911B /* Build configuration list for PBXProject "Graphism" */ = {
			isa = XCConfigurationList;
			buildConfigurations = (
				2063128824A8C38D0095911B /* Debug */,
				2063128924A8C38D0095911B /* Release */,
			);
			defaultConfigurationIsVisible = 0;
			defaultConfigurationName = Release;
		};
		2063128A24A8C38D0095911B /* Build configuration list for PBXNativeTarget "iOS" */ = {
			isa = XCConfigurationList;
			buildConfigurations = (
				2063128B24A8C38D0095911B /* Debug */,
				2063128C24A8C38D0095911B /* Release */,
			);
			defaultConfigurationIsVisible = 0;
			defaultConfigurationName = Release;
		};
		2063128D24A8C38D0095911B /* Build configuration list for PBXNativeTarget "macOS" */ = {
			isa = XCConfigurationList;
			buildConfigurations = (
				2063128E24A8C38D0095911B /* Debug */,
				2063128F24A8C38D0095911B /* Release */,
			);
			defaultConfigurationIsVisible = 0;
			defaultConfigurationName = Release;
		};
/* End XCConfigurationList section */

/* Begin XCRemoteSwiftPackageReference section */
		209DCCF4276E30DD00BB4B04 /* XCRemoteSwiftPackageReference "grph" */ = {
			isa = XCRemoteSwiftPackageReference;
			repositoryURL = "https://github.com/Snowy1803/grph";
			requirement = {
				branch = main;
				kind = branch;
			};
		};
/* End XCRemoteSwiftPackageReference section */

/* Begin XCSwiftPackageProductDependency section */
		209DCCF5276E341D00BB4B04 /* GRPHGenerator */ = {
			isa = XCSwiftPackageProductDependency;
			package = 209DCCF4276E30DD00BB4B04 /* XCRemoteSwiftPackageReference "grph" */;
			productName = GRPHGenerator;
		};
		209DCCF7276E342200BB4B04 /* GRPHGenerator */ = {
			isa = XCSwiftPackageProductDependency;
			package = 209DCCF4276E30DD00BB4B04 /* XCRemoteSwiftPackageReference "grph" */;
			productName = GRPHGenerator;
		};
		209DCCF9276E347F00BB4B04 /* GRPHRuntime */ = {
			isa = XCSwiftPackageProductDependency;
			package = 209DCCF4276E30DD00BB4B04 /* XCRemoteSwiftPackageReference "grph" */;
			productName = GRPHRuntime;
		};
		209DCCFB276E348300BB4B04 /* GRPHRuntime */ = {
			isa = XCSwiftPackageProductDependency;
			package = 209DCCF4276E30DD00BB4B04 /* XCRemoteSwiftPackageReference "grph" */;
			productName = GRPHRuntime;
		};
		209DCD06276E361000BB4B04 /* GRPHRuntime */ = {
			isa = XCSwiftPackageProductDependency;
			package = 209DCCF4276E30DD00BB4B04 /* XCRemoteSwiftPackageReference "grph" */;
			productName = GRPHRuntime;
		};
		209DCD08276E361800BB4B04 /* GRPHGenerator */ = {
			isa = XCSwiftPackageProductDependency;
			package = 209DCCF4276E30DD00BB4B04 /* XCRemoteSwiftPackageReference "grph" */;
			productName = GRPHGenerator;
		};
		209DCD0A276E363700BB4B04 /* GRPHRuntime */ = {
			isa = XCSwiftPackageProductDependency;
			package = 209DCCF4276E30DD00BB4B04 /* XCRemoteSwiftPackageReference "grph" */;
			productName = GRPHRuntime;
		};
		209DCD0C276E363B00BB4B04 /* GRPHGenerator */ = {
			isa = XCSwiftPackageProductDependency;
			package = 209DCCF4276E30DD00BB4B04 /* XCRemoteSwiftPackageReference "grph" */;
			productName = GRPHGenerator;
		};
/* End XCSwiftPackageProductDependency section */
	};
	rootObject = 2063126724A8C3790095911B /* Project object */;
}
