// !$*UTF8*$!
{
	archiveVersion = 1;
	classes = {
	};
	objectVersion = 50;
	objects = {

/* Begin PBXBuildFile section */
		200A5F6724AB69DB0028180B /* LinearPaint.swift in Sources */ = {isa = PBXBuildFile; fileRef = 200A5F6624AB69DB0028180B /* LinearPaint.swift */; };
		200A5F6824AB69DB0028180B /* LinearPaint.swift in Sources */ = {isa = PBXBuildFile; fileRef = 200A5F6624AB69DB0028180B /* LinearPaint.swift */; };
		200A5F6A24AB6AE60028180B /* Direction.swift in Sources */ = {isa = PBXBuildFile; fileRef = 200A5F6924AB6AE60028180B /* Direction.swift */; };
		200A5F6B24AB6AE60028180B /* Direction.swift in Sources */ = {isa = PBXBuildFile; fileRef = 200A5F6924AB6AE60028180B /* Direction.swift */; };
		200A5F6D24AB6FB60028180B /* RadialPaint.swift in Sources */ = {isa = PBXBuildFile; fileRef = 200A5F6C24AB6FB60028180B /* RadialPaint.swift */; };
		200A5F6E24AB6FB60028180B /* RadialPaint.swift in Sources */ = {isa = PBXBuildFile; fileRef = 200A5F6C24AB6FB60028180B /* RadialPaint.swift */; };
		200A5F7024AB76560028180B /* GRPHType.swift in Sources */ = {isa = PBXBuildFile; fileRef = 200A5F6F24AB76560028180B /* GRPHType.swift */; };
		200A5F7124AB76560028180B /* GRPHType.swift in Sources */ = {isa = PBXBuildFile; fileRef = 200A5F6F24AB76560028180B /* GRPHType.swift */; };
		200A5F7324AB82DA0028180B /* GRPHArray.swift in Sources */ = {isa = PBXBuildFile; fileRef = 200A5F7224AB82DA0028180B /* GRPHArray.swift */; };
		200A5F7424AB82DA0028180B /* GRPHArray.swift in Sources */ = {isa = PBXBuildFile; fileRef = 200A5F7224AB82DA0028180B /* GRPHArray.swift */; };
		200A5F7624AB85E10028180B /* Stroke.swift in Sources */ = {isa = PBXBuildFile; fileRef = 200A5F7524AB85E10028180B /* Stroke.swift */; };
		200A5F7724AB85E10028180B /* Stroke.swift in Sources */ = {isa = PBXBuildFile; fileRef = 200A5F7524AB85E10028180B /* Stroke.swift */; };
		200A5F7F24ABA4E60028180B /* GraphismTests.swift in Sources */ = {isa = PBXBuildFile; fileRef = 200A5F7E24ABA4E60028180B /* GraphismTests.swift */; };
		200A5F8424ABA5180028180B /* GRPHValue.swift in Sources */ = {isa = PBXBuildFile; fileRef = 2098B68E24AAB06A0042D465 /* GRPHValue.swift */; };
		200A5F8524ABA5180028180B /* GRPHArray.swift in Sources */ = {isa = PBXBuildFile; fileRef = 200A5F7224AB82DA0028180B /* GRPHArray.swift */; };
		200A5F8624ABA5180028180B /* Rotation.swift in Sources */ = {isa = PBXBuildFile; fileRef = 2098B69424AB5EDA0042D465 /* Rotation.swift */; };
		200A5F8724ABA5180028180B /* RadialPaint.swift in Sources */ = {isa = PBXBuildFile; fileRef = 200A5F6C24AB6FB60028180B /* RadialPaint.swift */; };
		200A5F8824ABA5180028180B /* Direction.swift in Sources */ = {isa = PBXBuildFile; fileRef = 200A5F6924AB6AE60028180B /* Direction.swift */; };
		200A5F8924ABA5180028180B /* Paint.swift in Sources */ = {isa = PBXBuildFile; fileRef = 2098B69724AB61350042D465 /* Paint.swift */; };
		200A5F8A24ABA5180028180B /* ColorPaint.swift in Sources */ = {isa = PBXBuildFile; fileRef = 2098B69A24AB62B60042D465 /* ColorPaint.swift */; };
		200A5F8B24ABA5180028180B /* Stroke.swift in Sources */ = {isa = PBXBuildFile; fileRef = 200A5F7524AB85E10028180B /* Stroke.swift */; };
		200A5F8C24ABA5180028180B /* GRPHType.swift in Sources */ = {isa = PBXBuildFile; fileRef = 200A5F6F24AB76560028180B /* GRPHType.swift */; };
		200A5F8D24ABA5180028180B /* LinearPaint.swift in Sources */ = {isa = PBXBuildFile; fileRef = 200A5F6624AB69DB0028180B /* LinearPaint.swift */; };
		200A5F8E24ABA5180028180B /* Pos.swift in Sources */ = {isa = PBXBuildFile; fileRef = 2098B69124AAB0AC0042D465 /* Pos.swift */; };
		200A5F8F24ABA51E0028180B /* GShape.swift in Sources */ = {isa = PBXBuildFile; fileRef = 2098B67824A970350042D465 /* GShape.swift */; };
		200A5F9024ABA51E0028180B /* GRectangle.swift in Sources */ = {isa = PBXBuildFile; fileRef = 2098B67924A970350042D465 /* GRectangle.swift */; };
		200A5F9124ABA51E0028180B /* GClip.swift in Sources */ = {isa = PBXBuildFile; fileRef = 2098B68724AA26740042D465 /* GClip.swift */; };
		200A5F9224ABA51E0028180B /* GCircle.swift in Sources */ = {isa = PBXBuildFile; fileRef = 2098B67A24A970350042D465 /* GCircle.swift */; };
		200A5F9324ABA51E0028180B /* GPath.swift in Sources */ = {isa = PBXBuildFile; fileRef = 2098B68424AA18B30042D465 /* GPath.swift */; };
		200A5F9424ABA51E0028180B /* GPolygon.swift in Sources */ = {isa = PBXBuildFile; fileRef = 2098B68A24AA98070042D465 /* GPolygon.swift */; };
		200A5F9524ABA51E0028180B /* GLine.swift in Sources */ = {isa = PBXBuildFile; fileRef = 2098B68124A971B10042D465 /* GLine.swift */; };
		200A5F9824ABF6020028180B /* GRPHCompiler.swift in Sources */ = {isa = PBXBuildFile; fileRef = 200A5F9724ABF6020028180B /* GRPHCompiler.swift */; };
		200A5F9924ABF6020028180B /* GRPHCompiler.swift in Sources */ = {isa = PBXBuildFile; fileRef = 200A5F9724ABF6020028180B /* GRPHCompiler.swift */; };
		200A5F9A24ABF6020028180B /* GRPHCompiler.swift in Sources */ = {isa = PBXBuildFile; fileRef = 200A5F9724ABF6020028180B /* GRPHCompiler.swift */; };
		2063128024A8C38D0095911B /* GraphismApp.swift in Sources */ = {isa = PBXBuildFile; fileRef = 2063126C24A8C3790095911B /* GraphismApp.swift */; };
		2063128124A8C38D0095911B /* GraphismApp.swift in Sources */ = {isa = PBXBuildFile; fileRef = 2063126C24A8C3790095911B /* GraphismApp.swift */; };
		2063128224A8C38D0095911B /* GraphismDocument.swift in Sources */ = {isa = PBXBuildFile; fileRef = 2063126D24A8C3790095911B /* GraphismDocument.swift */; };
		2063128324A8C38D0095911B /* GraphismDocument.swift in Sources */ = {isa = PBXBuildFile; fileRef = 2063126D24A8C3790095911B /* GraphismDocument.swift */; };
		2063128424A8C38D0095911B /* ContentView.swift in Sources */ = {isa = PBXBuildFile; fileRef = 2063126E24A8C3790095911B /* ContentView.swift */; };
		2063128524A8C38D0095911B /* ContentView.swift in Sources */ = {isa = PBXBuildFile; fileRef = 2063126E24A8C3790095911B /* ContentView.swift */; };
		2063128624A8C38D0095911B /* Assets.xcassets in Resources */ = {isa = PBXBuildFile; fileRef = 2063126F24A8C38D0095911B /* Assets.xcassets */; };
		2063128724A8C38D0095911B /* Assets.xcassets in Resources */ = {isa = PBXBuildFile; fileRef = 2063126F24A8C38D0095911B /* Assets.xcassets */; };
		2098B67B24A970350042D465 /* GShape.swift in Sources */ = {isa = PBXBuildFile; fileRef = 2098B67824A970350042D465 /* GShape.swift */; };
		2098B67C24A970350042D465 /* GShape.swift in Sources */ = {isa = PBXBuildFile; fileRef = 2098B67824A970350042D465 /* GShape.swift */; };
		2098B67D24A970350042D465 /* GRectangle.swift in Sources */ = {isa = PBXBuildFile; fileRef = 2098B67924A970350042D465 /* GRectangle.swift */; };
		2098B67E24A970350042D465 /* GRectangle.swift in Sources */ = {isa = PBXBuildFile; fileRef = 2098B67924A970350042D465 /* GRectangle.swift */; };
		2098B67F24A970350042D465 /* GCircle.swift in Sources */ = {isa = PBXBuildFile; fileRef = 2098B67A24A970350042D465 /* GCircle.swift */; };
		2098B68024A970350042D465 /* GCircle.swift in Sources */ = {isa = PBXBuildFile; fileRef = 2098B67A24A970350042D465 /* GCircle.swift */; };
		2098B68224A971B10042D465 /* GLine.swift in Sources */ = {isa = PBXBuildFile; fileRef = 2098B68124A971B10042D465 /* GLine.swift */; };
		2098B68324A971B10042D465 /* GLine.swift in Sources */ = {isa = PBXBuildFile; fileRef = 2098B68124A971B10042D465 /* GLine.swift */; };
		2098B68524AA18B30042D465 /* GPath.swift in Sources */ = {isa = PBXBuildFile; fileRef = 2098B68424AA18B30042D465 /* GPath.swift */; };
		2098B68624AA18B30042D465 /* GPath.swift in Sources */ = {isa = PBXBuildFile; fileRef = 2098B68424AA18B30042D465 /* GPath.swift */; };
		2098B68824AA26740042D465 /* GClip.swift in Sources */ = {isa = PBXBuildFile; fileRef = 2098B68724AA26740042D465 /* GClip.swift */; };
		2098B68924AA26740042D465 /* GClip.swift in Sources */ = {isa = PBXBuildFile; fileRef = 2098B68724AA26740042D465 /* GClip.swift */; };
		2098B68B24AA98070042D465 /* GPolygon.swift in Sources */ = {isa = PBXBuildFile; fileRef = 2098B68A24AA98070042D465 /* GPolygon.swift */; };
		2098B68C24AA98070042D465 /* GPolygon.swift in Sources */ = {isa = PBXBuildFile; fileRef = 2098B68A24AA98070042D465 /* GPolygon.swift */; };
		2098B68F24AAB06A0042D465 /* GRPHValue.swift in Sources */ = {isa = PBXBuildFile; fileRef = 2098B68E24AAB06A0042D465 /* GRPHValue.swift */; };
		2098B69024AAB06A0042D465 /* GRPHValue.swift in Sources */ = {isa = PBXBuildFile; fileRef = 2098B68E24AAB06A0042D465 /* GRPHValue.swift */; };
		2098B69224AAB0AC0042D465 /* Pos.swift in Sources */ = {isa = PBXBuildFile; fileRef = 2098B69124AAB0AC0042D465 /* Pos.swift */; };
		2098B69324AAB0AC0042D465 /* Pos.swift in Sources */ = {isa = PBXBuildFile; fileRef = 2098B69124AAB0AC0042D465 /* Pos.swift */; };
		2098B69524AB5EDA0042D465 /* Rotation.swift in Sources */ = {isa = PBXBuildFile; fileRef = 2098B69424AB5EDA0042D465 /* Rotation.swift */; };
		2098B69624AB5EDA0042D465 /* Rotation.swift in Sources */ = {isa = PBXBuildFile; fileRef = 2098B69424AB5EDA0042D465 /* Rotation.swift */; };
		2098B69824AB61350042D465 /* Paint.swift in Sources */ = {isa = PBXBuildFile; fileRef = 2098B69724AB61350042D465 /* Paint.swift */; };
		2098B69924AB61350042D465 /* Paint.swift in Sources */ = {isa = PBXBuildFile; fileRef = 2098B69724AB61350042D465 /* Paint.swift */; };
		2098B69B24AB62B60042D465 /* ColorPaint.swift in Sources */ = {isa = PBXBuildFile; fileRef = 2098B69A24AB62B60042D465 /* ColorPaint.swift */; };
		2098B69C24AB62B60042D465 /* ColorPaint.swift in Sources */ = {isa = PBXBuildFile; fileRef = 2098B69A24AB62B60042D465 /* ColorPaint.swift */; };
		20DE0BA124AD446800ABFB6E /* VariableDeclarationInstruction.swift in Sources */ = {isa = PBXBuildFile; fileRef = 20DE0BA024AD446800ABFB6E /* VariableDeclarationInstruction.swift */; };
		20DE0BA224AD446800ABFB6E /* VariableDeclarationInstruction.swift in Sources */ = {isa = PBXBuildFile; fileRef = 20DE0BA024AD446800ABFB6E /* VariableDeclarationInstruction.swift */; };
		20DE0BA324AD446800ABFB6E /* VariableDeclarationInstruction.swift in Sources */ = {isa = PBXBuildFile; fileRef = 20DE0BA024AD446800ABFB6E /* VariableDeclarationInstruction.swift */; };
		20DE0BA524AD449A00ABFB6E /* Instruction.swift in Sources */ = {isa = PBXBuildFile; fileRef = 20DE0BA424AD449A00ABFB6E /* Instruction.swift */; };
		20DE0BA624AD449A00ABFB6E /* Instruction.swift in Sources */ = {isa = PBXBuildFile; fileRef = 20DE0BA424AD449A00ABFB6E /* Instruction.swift */; };
		20DE0BA724AD449A00ABFB6E /* Instruction.swift in Sources */ = {isa = PBXBuildFile; fileRef = 20DE0BA424AD449A00ABFB6E /* Instruction.swift */; };
		20DE0BA924AD46D600ABFB6E /* GRPHContext.swift in Sources */ = {isa = PBXBuildFile; fileRef = 20DE0BA824AD46D600ABFB6E /* GRPHContext.swift */; };
		20DE0BAA24AD46D600ABFB6E /* GRPHContext.swift in Sources */ = {isa = PBXBuildFile; fileRef = 20DE0BA824AD46D600ABFB6E /* GRPHContext.swift */; };
		20DE0BAB24AD46D600ABFB6E /* GRPHContext.swift in Sources */ = {isa = PBXBuildFile; fileRef = 20DE0BA824AD46D600ABFB6E /* GRPHContext.swift */; };
		20DE0BAD24AD4C2400ABFB6E /* BlockInstruction.swift in Sources */ = {isa = PBXBuildFile; fileRef = 20DE0BAC24AD4C2400ABFB6E /* BlockInstruction.swift */; };
		20DE0BAE24AD4C2400ABFB6E /* BlockInstruction.swift in Sources */ = {isa = PBXBuildFile; fileRef = 20DE0BAC24AD4C2400ABFB6E /* BlockInstruction.swift */; };
		20DE0BAF24AD4C2400ABFB6E /* BlockInstruction.swift in Sources */ = {isa = PBXBuildFile; fileRef = 20DE0BAC24AD4C2400ABFB6E /* BlockInstruction.swift */; };
		20DE0BB124AD503F00ABFB6E /* Variable.swift in Sources */ = {isa = PBXBuildFile; fileRef = 20DE0BB024AD503F00ABFB6E /* Variable.swift */; };
		20DE0BB224AD503F00ABFB6E /* Variable.swift in Sources */ = {isa = PBXBuildFile; fileRef = 20DE0BB024AD503F00ABFB6E /* Variable.swift */; };
		20DE0BB324AD503F00ABFB6E /* Variable.swift in Sources */ = {isa = PBXBuildFile; fileRef = 20DE0BB024AD503F00ABFB6E /* Variable.swift */; };
		20DE0BB524AE0F7A00ABFB6E /* Expression.swift in Sources */ = {isa = PBXBuildFile; fileRef = 20DE0BB424AE0F7A00ABFB6E /* Expression.swift */; };
		20DE0BB624AE0F7A00ABFB6E /* Expression.swift in Sources */ = {isa = PBXBuildFile; fileRef = 20DE0BB424AE0F7A00ABFB6E /* Expression.swift */; };
		20DE0BB724AE0F7A00ABFB6E /* Expression.swift in Sources */ = {isa = PBXBuildFile; fileRef = 20DE0BB424AE0F7A00ABFB6E /* Expression.swift */; };
		20DE0BB924AE2FC100ABFB6E /* ConstantExpression.swift in Sources */ = {isa = PBXBuildFile; fileRef = 20DE0BB824AE2FC100ABFB6E /* ConstantExpression.swift */; };
		20DE0BBA24AE2FC100ABFB6E /* ConstantExpression.swift in Sources */ = {isa = PBXBuildFile; fileRef = 20DE0BB824AE2FC100ABFB6E /* ConstantExpression.swift */; };
		20DE0BBB24AE2FC100ABFB6E /* ConstantExpression.swift in Sources */ = {isa = PBXBuildFile; fileRef = 20DE0BB824AE2FC100ABFB6E /* ConstantExpression.swift */; };
		20DE0BBD24AE3C6200ABFB6E /* VariableExpression.swift in Sources */ = {isa = PBXBuildFile; fileRef = 20DE0BBC24AE3C6200ABFB6E /* VariableExpression.swift */; };
		20DE0BBE24AE3C6200ABFB6E /* VariableExpression.swift in Sources */ = {isa = PBXBuildFile; fileRef = 20DE0BBC24AE3C6200ABFB6E /* VariableExpression.swift */; };
		20DE0BBF24AE3C6200ABFB6E /* VariableExpression.swift in Sources */ = {isa = PBXBuildFile; fileRef = 20DE0BBC24AE3C6200ABFB6E /* VariableExpression.swift */; };
/* End PBXBuildFile section */

/* Begin PBXFileReference section */
		200A5F6624AB69DB0028180B /* LinearPaint.swift */ = {isa = PBXFileReference; fileEncoding = 4; lastKnownFileType = sourcecode.swift; path = LinearPaint.swift; sourceTree = "<group>"; };
		200A5F6924AB6AE60028180B /* Direction.swift */ = {isa = PBXFileReference; lastKnownFileType = sourcecode.swift; path = Direction.swift; sourceTree = "<group>"; };
		200A5F6C24AB6FB60028180B /* RadialPaint.swift */ = {isa = PBXFileReference; fileEncoding = 4; lastKnownFileType = sourcecode.swift; path = RadialPaint.swift; sourceTree = "<group>"; };
		200A5F6F24AB76560028180B /* GRPHType.swift */ = {isa = PBXFileReference; lastKnownFileType = sourcecode.swift; path = GRPHType.swift; sourceTree = "<group>"; };
		200A5F7224AB82DA0028180B /* GRPHArray.swift */ = {isa = PBXFileReference; lastKnownFileType = sourcecode.swift; path = GRPHArray.swift; sourceTree = "<group>"; };
		200A5F7524AB85E10028180B /* Stroke.swift */ = {isa = PBXFileReference; lastKnownFileType = sourcecode.swift; path = Stroke.swift; sourceTree = "<group>"; };
		200A5F7C24ABA4E60028180B /* GraphismTests.xctest */ = {isa = PBXFileReference; explicitFileType = wrapper.cfbundle; includeInIndex = 0; path = GraphismTests.xctest; sourceTree = BUILT_PRODUCTS_DIR; };
		200A5F7E24ABA4E60028180B /* GraphismTests.swift */ = {isa = PBXFileReference; lastKnownFileType = sourcecode.swift; path = GraphismTests.swift; sourceTree = "<group>"; };
		200A5F8024ABA4E60028180B /* Info.plist */ = {isa = PBXFileReference; lastKnownFileType = text.plist.xml; path = Info.plist; sourceTree = "<group>"; };
		200A5F9724ABF6020028180B /* GRPHCompiler.swift */ = {isa = PBXFileReference; lastKnownFileType = sourcecode.swift; path = GRPHCompiler.swift; sourceTree = "<group>"; };
		2063126C24A8C3790095911B /* GraphismApp.swift */ = {isa = PBXFileReference; lastKnownFileType = sourcecode.swift; path = GraphismApp.swift; sourceTree = "<group>"; };
		2063126D24A8C3790095911B /* GraphismDocument.swift */ = {isa = PBXFileReference; lastKnownFileType = sourcecode.swift; path = GraphismDocument.swift; sourceTree = "<group>"; };
		2063126E24A8C3790095911B /* ContentView.swift */ = {isa = PBXFileReference; lastKnownFileType = sourcecode.swift; path = ContentView.swift; sourceTree = "<group>"; };
		2063126F24A8C38D0095911B /* Assets.xcassets */ = {isa = PBXFileReference; lastKnownFileType = folder.assetcatalog; path = Assets.xcassets; sourceTree = "<group>"; };
		2063127424A8C38D0095911B /* Graphism.app */ = {isa = PBXFileReference; explicitFileType = wrapper.application; includeInIndex = 0; path = Graphism.app; sourceTree = BUILT_PRODUCTS_DIR; };
		2063127724A8C38D0095911B /* Info.plist */ = {isa = PBXFileReference; lastKnownFileType = text.plist.xml; path = Info.plist; sourceTree = "<group>"; };
		2063127C24A8C38D0095911B /* Graphism.app */ = {isa = PBXFileReference; explicitFileType = wrapper.application; includeInIndex = 0; path = Graphism.app; sourceTree = BUILT_PRODUCTS_DIR; };
		2063127E24A8C38D0095911B /* Info.plist */ = {isa = PBXFileReference; lastKnownFileType = text.plist.xml; path = Info.plist; sourceTree = "<group>"; };
		2063127F24A8C38D0095911B /* macOS.entitlements */ = {isa = PBXFileReference; lastKnownFileType = text.plist.entitlements; path = macOS.entitlements; sourceTree = "<group>"; };
		2098B67824A970350042D465 /* GShape.swift */ = {isa = PBXFileReference; fileEncoding = 4; lastKnownFileType = sourcecode.swift; path = GShape.swift; sourceTree = "<group>"; };
		2098B67924A970350042D465 /* GRectangle.swift */ = {isa = PBXFileReference; fileEncoding = 4; lastKnownFileType = sourcecode.swift; path = GRectangle.swift; sourceTree = "<group>"; };
		2098B67A24A970350042D465 /* GCircle.swift */ = {isa = PBXFileReference; fileEncoding = 4; lastKnownFileType = sourcecode.swift; path = GCircle.swift; sourceTree = "<group>"; };
		2098B68124A971B10042D465 /* GLine.swift */ = {isa = PBXFileReference; fileEncoding = 4; lastKnownFileType = sourcecode.swift; path = GLine.swift; sourceTree = "<group>"; };
		2098B68424AA18B30042D465 /* GPath.swift */ = {isa = PBXFileReference; fileEncoding = 4; lastKnownFileType = sourcecode.swift; path = GPath.swift; sourceTree = "<group>"; };
		2098B68724AA26740042D465 /* GClip.swift */ = {isa = PBXFileReference; fileEncoding = 4; lastKnownFileType = sourcecode.swift; path = GClip.swift; sourceTree = "<group>"; };
		2098B68A24AA98070042D465 /* GPolygon.swift */ = {isa = PBXFileReference; fileEncoding = 4; lastKnownFileType = sourcecode.swift; path = GPolygon.swift; sourceTree = "<group>"; };
		2098B68E24AAB06A0042D465 /* GRPHValue.swift */ = {isa = PBXFileReference; lastKnownFileType = sourcecode.swift; path = GRPHValue.swift; sourceTree = "<group>"; };
		2098B69124AAB0AC0042D465 /* Pos.swift */ = {isa = PBXFileReference; lastKnownFileType = sourcecode.swift; path = Pos.swift; sourceTree = "<group>"; };
		2098B69424AB5EDA0042D465 /* Rotation.swift */ = {isa = PBXFileReference; fileEncoding = 4; lastKnownFileType = sourcecode.swift; path = Rotation.swift; sourceTree = "<group>"; };
		2098B69724AB61350042D465 /* Paint.swift */ = {isa = PBXFileReference; fileEncoding = 4; lastKnownFileType = sourcecode.swift; path = Paint.swift; sourceTree = "<group>"; };
		2098B69A24AB62B60042D465 /* ColorPaint.swift */ = {isa = PBXFileReference; fileEncoding = 4; lastKnownFileType = sourcecode.swift; path = ColorPaint.swift; sourceTree = "<group>"; };
		20DE0BA024AD446800ABFB6E /* VariableDeclarationInstruction.swift */ = {isa = PBXFileReference; lastKnownFileType = sourcecode.swift; path = VariableDeclarationInstruction.swift; sourceTree = "<group>"; };
		20DE0BA424AD449A00ABFB6E /* Instruction.swift */ = {isa = PBXFileReference; lastKnownFileType = sourcecode.swift; path = Instruction.swift; sourceTree = "<group>"; };
		20DE0BA824AD46D600ABFB6E /* GRPHContext.swift */ = {isa = PBXFileReference; lastKnownFileType = sourcecode.swift; path = GRPHContext.swift; sourceTree = "<group>"; };
		20DE0BAC24AD4C2400ABFB6E /* BlockInstruction.swift */ = {isa = PBXFileReference; lastKnownFileType = sourcecode.swift; path = BlockInstruction.swift; sourceTree = "<group>"; };
		20DE0BB024AD503F00ABFB6E /* Variable.swift */ = {isa = PBXFileReference; lastKnownFileType = sourcecode.swift; path = Variable.swift; sourceTree = "<group>"; };
		20DE0BB424AE0F7A00ABFB6E /* Expression.swift */ = {isa = PBXFileReference; lastKnownFileType = sourcecode.swift; path = Expression.swift; sourceTree = "<group>"; };
		20DE0BB824AE2FC100ABFB6E /* ConstantExpression.swift */ = {isa = PBXFileReference; lastKnownFileType = sourcecode.swift; path = ConstantExpression.swift; sourceTree = "<group>"; };
		20DE0BBC24AE3C6200ABFB6E /* VariableExpression.swift */ = {isa = PBXFileReference; lastKnownFileType = sourcecode.swift; path = VariableExpression.swift; sourceTree = "<group>"; };
		20FD1DA524A8E3240027232B /* .gitignore */ = {isa = PBXFileReference; lastKnownFileType = text; path = .gitignore; sourceTree = "<group>"; };
/* End PBXFileReference section */

/* Begin PBXFrameworksBuildPhase section */
		200A5F7924ABA4E60028180B /* Frameworks */ = {
			isa = PBXFrameworksBuildPhase;
			buildActionMask = 2147483647;
			files = (
			);
			runOnlyForDeploymentPostprocessing = 0;
		};
		2063127124A8C38D0095911B /* Frameworks */ = {
			isa = PBXFrameworksBuildPhase;
			buildActionMask = 2147483647;
			files = (
			);
			runOnlyForDeploymentPostprocessing = 0;
		};
		2063127924A8C38D0095911B /* Frameworks */ = {
			isa = PBXFrameworksBuildPhase;
			buildActionMask = 2147483647;
			files = (
			);
			runOnlyForDeploymentPostprocessing = 0;
		};
/* End PBXFrameworksBuildPhase section */

/* Begin PBXGroup section */
		200A5F7D24ABA4E60028180B /* GraphismTests */ = {
			isa = PBXGroup;
			children = (
				200A5F7E24ABA4E60028180B /* GraphismTests.swift */,
				200A5F8024ABA4E60028180B /* Info.plist */,
			);
			path = GraphismTests;
			sourceTree = "<group>";
		};
		200A5F9624ABF5E30028180B /* Parser */ = {
			isa = PBXGroup;
			children = (
				200A5F9724ABF6020028180B /* GRPHCompiler.swift */,
				20DE0BA824AD46D600ABFB6E /* GRPHContext.swift */,
				20DE0BB024AD503F00ABFB6E /* Variable.swift */,
			);
			path = Parser;
			sourceTree = "<group>";
		};
		2063126624A8C3790095911B = {
			isa = PBXGroup;
			children = (
				20FD1DA524A8E3240027232B /* .gitignore */,
				2063126B24A8C3790095911B /* Shared */,
				2063127624A8C38D0095911B /* iOS */,
				2063127D24A8C38D0095911B /* macOS */,
				200A5F7D24ABA4E60028180B /* GraphismTests */,
				2063127524A8C38D0095911B /* Products */,
			);
			sourceTree = "<group>";
		};
		2063126B24A8C3790095911B /* Shared */ = {
			isa = PBXGroup;
			children = (
				200A5F9624ABF5E30028180B /* Parser */,
				20DE0B9E24AD43AC00ABFB6E /* Instructions */,
				20DE0B9F24AD43B400ABFB6E /* Expressions */,
				2098B68D24AAB0490042D465 /* Types */,
				2098B67724A970350042D465 /* Shapes */,
				2063126C24A8C3790095911B /* GraphismApp.swift */,
				2063126D24A8C3790095911B /* GraphismDocument.swift */,
				2063126E24A8C3790095911B /* ContentView.swift */,
				2063126F24A8C38D0095911B /* Assets.xcassets */,
			);
			path = Shared;
			sourceTree = "<group>";
		};
		2063127524A8C38D0095911B /* Products */ = {
			isa = PBXGroup;
			children = (
				2063127424A8C38D0095911B /* Graphism.app */,
				2063127C24A8C38D0095911B /* Graphism.app */,
				200A5F7C24ABA4E60028180B /* GraphismTests.xctest */,
			);
			name = Products;
			sourceTree = "<group>";
		};
		2063127624A8C38D0095911B /* iOS */ = {
			isa = PBXGroup;
			children = (
				2063127724A8C38D0095911B /* Info.plist */,
			);
			path = iOS;
			sourceTree = "<group>";
		};
		2063127D24A8C38D0095911B /* macOS */ = {
			isa = PBXGroup;
			children = (
				2063127E24A8C38D0095911B /* Info.plist */,
				2063127F24A8C38D0095911B /* macOS.entitlements */,
			);
			path = macOS;
			sourceTree = "<group>";
		};
		2098B67724A970350042D465 /* Shapes */ = {
			isa = PBXGroup;
			children = (
				2098B67824A970350042D465 /* GShape.swift */,
				2098B67924A970350042D465 /* GRectangle.swift */,
				2098B67A24A970350042D465 /* GCircle.swift */,
				2098B68124A971B10042D465 /* GLine.swift */,
				2098B68424AA18B30042D465 /* GPath.swift */,
				2098B68A24AA98070042D465 /* GPolygon.swift */,
				2098B68724AA26740042D465 /* GClip.swift */,
			);
			path = Shapes;
			sourceTree = "<group>";
		};
		2098B68D24AAB0490042D465 /* Types */ = {
			isa = PBXGroup;
			children = (
				200A5F6F24AB76560028180B /* GRPHType.swift */,
				2098B68E24AAB06A0042D465 /* GRPHValue.swift */,
				200A5F7224AB82DA0028180B /* GRPHArray.swift */,
				2098B69124AAB0AC0042D465 /* Pos.swift */,
				2098B69424AB5EDA0042D465 /* Rotation.swift */,
				2098B69724AB61350042D465 /* Paint.swift */,
				2098B69A24AB62B60042D465 /* ColorPaint.swift */,
				200A5F6624AB69DB0028180B /* LinearPaint.swift */,
				200A5F6C24AB6FB60028180B /* RadialPaint.swift */,
				200A5F6924AB6AE60028180B /* Direction.swift */,
				200A5F7524AB85E10028180B /* Stroke.swift */,
			);
			path = Types;
			sourceTree = "<group>";
		};
		20DE0B9E24AD43AC00ABFB6E /* Instructions */ = {
			isa = PBXGroup;
			children = (
				20DE0BA424AD449A00ABFB6E /* Instruction.swift */,
				20DE0BA024AD446800ABFB6E /* VariableDeclarationInstruction.swift */,
				20DE0BAC24AD4C2400ABFB6E /* BlockInstruction.swift */,
			);
			path = Instructions;
			sourceTree = "<group>";
		};
		20DE0B9F24AD43B400ABFB6E /* Expressions */ = {
			isa = PBXGroup;
			children = (
				20DE0BB424AE0F7A00ABFB6E /* Expression.swift */,
				20DE0BB824AE2FC100ABFB6E /* ConstantExpression.swift */,
				20DE0BBC24AE3C6200ABFB6E /* VariableExpression.swift */,
			);
			path = Expressions;
			sourceTree = "<group>";
		};
/* End PBXGroup section */

/* Begin PBXNativeTarget section */
		200A5F7B24ABA4E60028180B /* GraphismTests */ = {
			isa = PBXNativeTarget;
			buildConfigurationList = 200A5F8124ABA4E60028180B /* Build configuration list for PBXNativeTarget "GraphismTests" */;
			buildPhases = (
				200A5F7824ABA4E60028180B /* Sources */,
				200A5F7924ABA4E60028180B /* Frameworks */,
				200A5F7A24ABA4E60028180B /* Resources */,
			);
			buildRules = (
			);
			dependencies = (
			);
			name = GraphismTests;
			productName = GraphismTests;
			productReference = 200A5F7C24ABA4E60028180B /* GraphismTests.xctest */;
			productType = "com.apple.product-type.bundle.unit-test";
		};
		2063127324A8C38D0095911B /* iOS */ = {
			isa = PBXNativeTarget;
			buildConfigurationList = 2063128A24A8C38D0095911B /* Build configuration list for PBXNativeTarget "iOS" */;
			buildPhases = (
				2063127024A8C38D0095911B /* Sources */,
				2063127124A8C38D0095911B /* Frameworks */,
				2063127224A8C38D0095911B /* Resources */,
			);
			buildRules = (
			);
			dependencies = (
			);
			name = iOS;
			productName = iOS;
			productReference = 2063127424A8C38D0095911B /* Graphism.app */;
			productType = "com.apple.product-type.application";
		};
		2063127B24A8C38D0095911B /* macOS */ = {
			isa = PBXNativeTarget;
			buildConfigurationList = 2063128D24A8C38D0095911B /* Build configuration list for PBXNativeTarget "macOS" */;
			buildPhases = (
				2063127824A8C38D0095911B /* Sources */,
				2063127924A8C38D0095911B /* Frameworks */,
				2063127A24A8C38D0095911B /* Resources */,
			);
			buildRules = (
			);
			dependencies = (
			);
			name = macOS;
			productName = macOS;
			productReference = 2063127C24A8C38D0095911B /* Graphism.app */;
			productType = "com.apple.product-type.application";
		};
/* End PBXNativeTarget section */

/* Begin PBXProject section */
		2063126724A8C3790095911B /* Project object */ = {
			isa = PBXProject;
			attributes = {
				LastSwiftUpdateCheck = 1200;
				LastUpgradeCheck = 1200;
				TargetAttributes = {
					200A5F7B24ABA4E60028180B = {
						CreatedOnToolsVersion = 12.0;
					};
					2063127324A8C38D0095911B = {
						CreatedOnToolsVersion = 12.0;
					};
					2063127B24A8C38D0095911B = {
						CreatedOnToolsVersion = 12.0;
					};
				};
			};
			buildConfigurationList = 2063126A24A8C3790095911B /* Build configuration list for PBXProject "Graphism" */;
			compatibilityVersion = "Xcode 9.3";
			developmentRegion = en;
			hasScannedForEncodings = 0;
			knownRegions = (
				en,
				Base,
			);
			mainGroup = 2063126624A8C3790095911B;
			productRefGroup = 2063127524A8C38D0095911B /* Products */;
			projectDirPath = "";
			projectRoot = "";
			targets = (
				2063127324A8C38D0095911B /* iOS */,
				2063127B24A8C38D0095911B /* macOS */,
				200A5F7B24ABA4E60028180B /* GraphismTests */,
			);
		};
/* End PBXProject section */

/* Begin PBXResourcesBuildPhase section */
		200A5F7A24ABA4E60028180B /* Resources */ = {
			isa = PBXResourcesBuildPhase;
			buildActionMask = 2147483647;
			files = (
			);
			runOnlyForDeploymentPostprocessing = 0;
		};
		2063127224A8C38D0095911B /* Resources */ = {
			isa = PBXResourcesBuildPhase;
			buildActionMask = 2147483647;
			files = (
				2063128624A8C38D0095911B /* Assets.xcassets in Resources */,
			);
			runOnlyForDeploymentPostprocessing = 0;
		};
		2063127A24A8C38D0095911B /* Resources */ = {
			isa = PBXResourcesBuildPhase;
			buildActionMask = 2147483647;
			files = (
				2063128724A8C38D0095911B /* Assets.xcassets in Resources */,
			);
			runOnlyForDeploymentPostprocessing = 0;
		};
/* End PBXResourcesBuildPhase section */

/* Begin PBXSourcesBuildPhase section */
		200A5F7824ABA4E60028180B /* Sources */ = {
			isa = PBXSourcesBuildPhase;
			buildActionMask = 2147483647;
			files = (
				20DE0BA324AD446800ABFB6E /* VariableDeclarationInstruction.swift in Sources */,
				200A5F9424ABA51E0028180B /* GPolygon.swift in Sources */,
				20DE0BAB24AD46D600ABFB6E /* GRPHContext.swift in Sources */,
				200A5F9124ABA51E0028180B /* GClip.swift in Sources */,
				200A5F9224ABA51E0028180B /* GCircle.swift in Sources */,
				20DE0BBF24AE3C6200ABFB6E /* VariableExpression.swift in Sources */,
				20DE0BA724AD449A00ABFB6E /* Instruction.swift in Sources */,
				20DE0BBB24AE2FC100ABFB6E /* ConstantExpression.swift in Sources */,
				200A5F8724ABA5180028180B /* RadialPaint.swift in Sources */,
				200A5F8424ABA5180028180B /* GRPHValue.swift in Sources */,
				200A5F9A24ABF6020028180B /* GRPHCompiler.swift in Sources */,
				200A5F8924ABA5180028180B /* Paint.swift in Sources */,
				200A5F9024ABA51E0028180B /* GRectangle.swift in Sources */,
				200A5F8624ABA5180028180B /* Rotation.swift in Sources */,
				200A5F8D24ABA5180028180B /* LinearPaint.swift in Sources */,
				20DE0BB724AE0F7A00ABFB6E /* Expression.swift in Sources */,
				200A5F9324ABA51E0028180B /* GPath.swift in Sources */,
				20DE0BAF24AD4C2400ABFB6E /* BlockInstruction.swift in Sources */,
				200A5F8B24ABA5180028180B /* Stroke.swift in Sources */,
				200A5F8E24ABA5180028180B /* Pos.swift in Sources */,
				200A5F8524ABA5180028180B /* GRPHArray.swift in Sources */,
				200A5F7F24ABA4E60028180B /* GraphismTests.swift in Sources */,
				200A5F8A24ABA5180028180B /* ColorPaint.swift in Sources */,
				200A5F8C24ABA5180028180B /* GRPHType.swift in Sources */,
				200A5F8824ABA5180028180B /* Direction.swift in Sources */,
				200A5F9524ABA51E0028180B /* GLine.swift in Sources */,
				200A5F8F24ABA51E0028180B /* GShape.swift in Sources */,
				20DE0BB324AD503F00ABFB6E /* Variable.swift in Sources */,
			);
			runOnlyForDeploymentPostprocessing = 0;
		};
		2063127024A8C38D0095911B /* Sources */ = {
			isa = PBXSourcesBuildPhase;
			buildActionMask = 2147483647;
			files = (
				2063128024A8C38D0095911B /* GraphismApp.swift in Sources */,
				20DE0BB124AD503F00ABFB6E /* Variable.swift in Sources */,
				200A5F6D24AB6FB60028180B /* RadialPaint.swift in Sources */,
				2063128224A8C38D0095911B /* GraphismDocument.swift in Sources */,
				2098B69824AB61350042D465 /* Paint.swift in Sources */,
				200A5F6724AB69DB0028180B /* LinearPaint.swift in Sources */,
				20DE0BA924AD46D600ABFB6E /* GRPHContext.swift in Sources */,
				2098B68524AA18B30042D465 /* GPath.swift in Sources */,
				20DE0BA524AD449A00ABFB6E /* Instruction.swift in Sources */,
				20DE0BBD24AE3C6200ABFB6E /* VariableExpression.swift in Sources */,
				20DE0BB924AE2FC100ABFB6E /* ConstantExpression.swift in Sources */,
				200A5F7324AB82DA0028180B /* GRPHArray.swift in Sources */,
				2098B68824AA26740042D465 /* GClip.swift in Sources */,
				2063128424A8C38D0095911B /* ContentView.swift in Sources */,
				200A5F6A24AB6AE60028180B /* Direction.swift in Sources */,
				2098B68224A971B10042D465 /* GLine.swift in Sources */,
				2098B69224AAB0AC0042D465 /* Pos.swift in Sources */,
				2098B68F24AAB06A0042D465 /* GRPHValue.swift in Sources */,
				200A5F9824ABF6020028180B /* GRPHCompiler.swift in Sources */,
				200A5F7624AB85E10028180B /* Stroke.swift in Sources */,
				20DE0BA124AD446800ABFB6E /* VariableDeclarationInstruction.swift in Sources */,
				20DE0BB524AE0F7A00ABFB6E /* Expression.swift in Sources */,
				20DE0BAD24AD4C2400ABFB6E /* BlockInstruction.swift in Sources */,
				2098B69B24AB62B60042D465 /* ColorPaint.swift in Sources */,
				2098B69524AB5EDA0042D465 /* Rotation.swift in Sources */,
				2098B67D24A970350042D465 /* GRectangle.swift in Sources */,
				200A5F7024AB76560028180B /* GRPHType.swift in Sources */,
				2098B67B24A970350042D465 /* GShape.swift in Sources */,
				2098B68B24AA98070042D465 /* GPolygon.swift in Sources */,
				2098B67F24A970350042D465 /* GCircle.swift in Sources */,
			);
			runOnlyForDeploymentPostprocessing = 0;
		};
		2063127824A8C38D0095911B /* Sources */ = {
			isa = PBXSourcesBuildPhase;
			buildActionMask = 2147483647;
			files = (
				2063128124A8C38D0095911B /* GraphismApp.swift in Sources */,
				20DE0BB224AD503F00ABFB6E /* Variable.swift in Sources */,
				200A5F6E24AB6FB60028180B /* RadialPaint.swift in Sources */,
				2063128324A8C38D0095911B /* GraphismDocument.swift in Sources */,
				2098B69924AB61350042D465 /* Paint.swift in Sources */,
				200A5F6824AB69DB0028180B /* LinearPaint.swift in Sources */,
				20DE0BAA24AD46D600ABFB6E /* GRPHContext.swift in Sources */,
				2098B68624AA18B30042D465 /* GPath.swift in Sources */,
				20DE0BA624AD449A00ABFB6E /* Instruction.swift in Sources */,
				20DE0BBE24AE3C6200ABFB6E /* VariableExpression.swift in Sources */,
				20DE0BBA24AE2FC100ABFB6E /* ConstantExpression.swift in Sources */,
				200A5F7424AB82DA0028180B /* GRPHArray.swift in Sources */,
				2098B68924AA26740042D465 /* GClip.swift in Sources */,
				2063128524A8C38D0095911B /* ContentView.swift in Sources */,
				200A5F6B24AB6AE60028180B /* Direction.swift in Sources */,
				2098B68324A971B10042D465 /* GLine.swift in Sources */,
				2098B69324AAB0AC0042D465 /* Pos.swift in Sources */,
				2098B69024AAB06A0042D465 /* GRPHValue.swift in Sources */,
				200A5F9924ABF6020028180B /* GRPHCompiler.swift in Sources */,
				200A5F7724AB85E10028180B /* Stroke.swift in Sources */,
				20DE0BA224AD446800ABFB6E /* VariableDeclarationInstruction.swift in Sources */,
				20DE0BB624AE0F7A00ABFB6E /* Expression.swift in Sources */,
				20DE0BAE24AD4C2400ABFB6E /* BlockInstruction.swift in Sources */,
				2098B69C24AB62B60042D465 /* ColorPaint.swift in Sources */,
				2098B69624AB5EDA0042D465 /* Rotation.swift in Sources */,
				2098B67E24A970350042D465 /* GRectangle.swift in Sources */,
				200A5F7124AB76560028180B /* GRPHType.swift in Sources */,
				2098B67C24A970350042D465 /* GShape.swift in Sources */,
				2098B68C24AA98070042D465 /* GPolygon.swift in Sources */,
				2098B68024A970350042D465 /* GCircle.swift in Sources */,
			);
			runOnlyForDeploymentPostprocessing = 0;
		};
/* End PBXSourcesBuildPhase section */

/* Begin XCBuildConfiguration section */
		200A5F8224ABA4E60028180B /* Debug */ = {
			isa = XCBuildConfiguration;
			buildSettings = {
				CODE_SIGN_STYLE = Automatic;
				COMBINE_HIDPI_IMAGES = YES;
				DEVELOPMENT_TEAM = PKKP3P6RGM;
				INFOPLIST_FILE = GraphismTests/Info.plist;
				LD_RUNPATH_SEARCH_PATHS = (
					"$(inherited)",
					"@executable_path/../Frameworks",
					"@loader_path/../Frameworks",
				);
				MACOSX_DEPLOYMENT_TARGET = 10.15;
				PRODUCT_BUNDLE_IDENTIFIER = fr.orbisec.GraphismTests;
				PRODUCT_NAME = "$(TARGET_NAME)";
				SDKROOT = macosx;
				SWIFT_VERSION = 5.0;
			};
			name = Debug;
		};
		200A5F8324ABA4E60028180B /* Release */ = {
			isa = XCBuildConfiguration;
			buildSettings = {
				CODE_SIGN_STYLE = Automatic;
				COMBINE_HIDPI_IMAGES = YES;
				DEVELOPMENT_TEAM = PKKP3P6RGM;
				INFOPLIST_FILE = GraphismTests/Info.plist;
				LD_RUNPATH_SEARCH_PATHS = (
					"$(inherited)",
					"@executable_path/../Frameworks",
					"@loader_path/../Frameworks",
				);
				MACOSX_DEPLOYMENT_TARGET = 10.15;
				PRODUCT_BUNDLE_IDENTIFIER = fr.orbisec.GraphismTests;
				PRODUCT_NAME = "$(TARGET_NAME)";
				SDKROOT = macosx;
				SWIFT_VERSION = 5.0;
			};
			name = Release;
		};
		2063128824A8C38D0095911B /* Debug */ = {
			isa = XCBuildConfiguration;
			buildSettings = {
				ALWAYS_SEARCH_USER_PATHS = NO;
				CLANG_ANALYZER_NONNULL = YES;
				CLANG_ANALYZER_NUMBER_OBJECT_CONVERSION = YES_AGGRESSIVE;
				CLANG_CXX_LANGUAGE_STANDARD = "gnu++14";
				CLANG_CXX_LIBRARY = "libc++";
				CLANG_ENABLE_MODULES = YES;
				CLANG_ENABLE_OBJC_ARC = YES;
				CLANG_ENABLE_OBJC_WEAK = YES;
				CLANG_WARN_BLOCK_CAPTURE_AUTORELEASING = YES;
				CLANG_WARN_BOOL_CONVERSION = YES;
				CLANG_WARN_COMMA = YES;
				CLANG_WARN_CONSTANT_CONVERSION = YES;
				CLANG_WARN_DEPRECATED_OBJC_IMPLEMENTATIONS = YES;
				CLANG_WARN_DIRECT_OBJC_ISA_USAGE = YES_ERROR;
				CLANG_WARN_DOCUMENTATION_COMMENTS = YES;
				CLANG_WARN_EMPTY_BODY = YES;
				CLANG_WARN_ENUM_CONVERSION = YES;
				CLANG_WARN_INFINITE_RECURSION = YES;
				CLANG_WARN_INT_CONVERSION = YES;
				CLANG_WARN_NON_LITERAL_NULL_CONVERSION = YES;
				CLANG_WARN_OBJC_IMPLICIT_RETAIN_SELF = YES;
				CLANG_WARN_OBJC_LITERAL_CONVERSION = YES;
				CLANG_WARN_OBJC_ROOT_CLASS = YES_ERROR;
				CLANG_WARN_QUOTED_INCLUDE_IN_FRAMEWORK_HEADER = YES;
				CLANG_WARN_RANGE_LOOP_ANALYSIS = YES;
				CLANG_WARN_STRICT_PROTOTYPES = YES;
				CLANG_WARN_SUSPICIOUS_MOVE = YES;
				CLANG_WARN_UNGUARDED_AVAILABILITY = YES_AGGRESSIVE;
				CLANG_WARN_UNREACHABLE_CODE = YES;
				CLANG_WARN__DUPLICATE_METHOD_MATCH = YES;
				COPY_PHASE_STRIP = NO;
				DEBUG_INFORMATION_FORMAT = dwarf;
				ENABLE_STRICT_OBJC_MSGSEND = YES;
				ENABLE_TESTABILITY = YES;
				GCC_C_LANGUAGE_STANDARD = gnu11;
				GCC_DYNAMIC_NO_PIC = NO;
				GCC_NO_COMMON_BLOCKS = YES;
				GCC_OPTIMIZATION_LEVEL = 0;
				GCC_PREPROCESSOR_DEFINITIONS = (
					"DEBUG=1",
					"$(inherited)",
				);
				GCC_WARN_64_TO_32_BIT_CONVERSION = YES;
				GCC_WARN_ABOUT_RETURN_TYPE = YES_ERROR;
				GCC_WARN_UNDECLARED_SELECTOR = YES;
				GCC_WARN_UNINITIALIZED_AUTOS = YES_AGGRESSIVE;
				GCC_WARN_UNUSED_FUNCTION = YES;
				GCC_WARN_UNUSED_VARIABLE = YES;
				MTL_ENABLE_DEBUG_INFO = INCLUDE_SOURCE;
				MTL_FAST_MATH = YES;
				ONLY_ACTIVE_ARCH = YES;
				SWIFT_ACTIVE_COMPILATION_CONDITIONS = DEBUG;
				SWIFT_OPTIMIZATION_LEVEL = "-Onone";
			};
			name = Debug;
		};
		2063128924A8C38D0095911B /* Release */ = {
			isa = XCBuildConfiguration;
			buildSettings = {
				ALWAYS_SEARCH_USER_PATHS = NO;
				CLANG_ANALYZER_NONNULL = YES;
				CLANG_ANALYZER_NUMBER_OBJECT_CONVERSION = YES_AGGRESSIVE;
				CLANG_CXX_LANGUAGE_STANDARD = "gnu++14";
				CLANG_CXX_LIBRARY = "libc++";
				CLANG_ENABLE_MODULES = YES;
				CLANG_ENABLE_OBJC_ARC = YES;
				CLANG_ENABLE_OBJC_WEAK = YES;
				CLANG_WARN_BLOCK_CAPTURE_AUTORELEASING = YES;
				CLANG_WARN_BOOL_CONVERSION = YES;
				CLANG_WARN_COMMA = YES;
				CLANG_WARN_CONSTANT_CONVERSION = YES;
				CLANG_WARN_DEPRECATED_OBJC_IMPLEMENTATIONS = YES;
				CLANG_WARN_DIRECT_OBJC_ISA_USAGE = YES_ERROR;
				CLANG_WARN_DOCUMENTATION_COMMENTS = YES;
				CLANG_WARN_EMPTY_BODY = YES;
				CLANG_WARN_ENUM_CONVERSION = YES;
				CLANG_WARN_INFINITE_RECURSION = YES;
				CLANG_WARN_INT_CONVERSION = YES;
				CLANG_WARN_NON_LITERAL_NULL_CONVERSION = YES;
				CLANG_WARN_OBJC_IMPLICIT_RETAIN_SELF = YES;
				CLANG_WARN_OBJC_LITERAL_CONVERSION = YES;
				CLANG_WARN_OBJC_ROOT_CLASS = YES_ERROR;
				CLANG_WARN_QUOTED_INCLUDE_IN_FRAMEWORK_HEADER = YES;
				CLANG_WARN_RANGE_LOOP_ANALYSIS = YES;
				CLANG_WARN_STRICT_PROTOTYPES = YES;
				CLANG_WARN_SUSPICIOUS_MOVE = YES;
				CLANG_WARN_UNGUARDED_AVAILABILITY = YES_AGGRESSIVE;
				CLANG_WARN_UNREACHABLE_CODE = YES;
				CLANG_WARN__DUPLICATE_METHOD_MATCH = YES;
				COPY_PHASE_STRIP = NO;
				DEBUG_INFORMATION_FORMAT = "dwarf-with-dsym";
				ENABLE_NS_ASSERTIONS = NO;
				ENABLE_STRICT_OBJC_MSGSEND = YES;
				GCC_C_LANGUAGE_STANDARD = gnu11;
				GCC_NO_COMMON_BLOCKS = YES;
				GCC_WARN_64_TO_32_BIT_CONVERSION = YES;
				GCC_WARN_ABOUT_RETURN_TYPE = YES_ERROR;
				GCC_WARN_UNDECLARED_SELECTOR = YES;
				GCC_WARN_UNINITIALIZED_AUTOS = YES_AGGRESSIVE;
				GCC_WARN_UNUSED_FUNCTION = YES;
				GCC_WARN_UNUSED_VARIABLE = YES;
				MTL_ENABLE_DEBUG_INFO = NO;
				MTL_FAST_MATH = YES;
				SWIFT_COMPILATION_MODE = wholemodule;
				SWIFT_OPTIMIZATION_LEVEL = "-O";
			};
			name = Release;
		};
		2063128B24A8C38D0095911B /* Debug */ = {
			isa = XCBuildConfiguration;
			buildSettings = {
				ASSETCATALOG_COMPILER_APPICON_NAME = AppIcon;
				ASSETCATALOG_COMPILER_GLOBAL_ACCENT_COLOR_NAME = AccentColor;
				CODE_SIGN_STYLE = Automatic;
				DEVELOPMENT_TEAM = PKKP3P6RGM;
				ENABLE_PREVIEWS = YES;
				INFOPLIST_FILE = iOS/Info.plist;
				IPHONEOS_DEPLOYMENT_TARGET = 14.0;
				LD_RUNPATH_SEARCH_PATHS = (
					"$(inherited)",
					"@executable_path/Frameworks",
				);
				PRODUCT_BUNDLE_IDENTIFIER = fr.orbisec.Graphism;
				PRODUCT_NAME = Graphism;
				SDKROOT = iphoneos;
				SWIFT_VERSION = 5.0;
				TARGETED_DEVICE_FAMILY = "1,2";
			};
			name = Debug;
		};
		2063128C24A8C38D0095911B /* Release */ = {
			isa = XCBuildConfiguration;
			buildSettings = {
				ASSETCATALOG_COMPILER_APPICON_NAME = AppIcon;
				ASSETCATALOG_COMPILER_GLOBAL_ACCENT_COLOR_NAME = AccentColor;
				CODE_SIGN_STYLE = Automatic;
				DEVELOPMENT_TEAM = PKKP3P6RGM;
				ENABLE_PREVIEWS = YES;
				INFOPLIST_FILE = iOS/Info.plist;
				IPHONEOS_DEPLOYMENT_TARGET = 14.0;
				LD_RUNPATH_SEARCH_PATHS = (
					"$(inherited)",
					"@executable_path/Frameworks",
				);
				PRODUCT_BUNDLE_IDENTIFIER = fr.orbisec.Graphism;
				PRODUCT_NAME = Graphism;
				SDKROOT = iphoneos;
				SWIFT_VERSION = 5.0;
				TARGETED_DEVICE_FAMILY = "1,2";
				VALIDATE_PRODUCT = YES;
			};
			name = Release;
		};
		2063128E24A8C38D0095911B /* Debug */ = {
			isa = XCBuildConfiguration;
			buildSettings = {
				ASSETCATALOG_COMPILER_APPICON_NAME = AppIcon;
				ASSETCATALOG_COMPILER_GLOBAL_ACCENT_COLOR_NAME = AccentColor;
				CODE_SIGN_ENTITLEMENTS = macOS/macOS.entitlements;
				CODE_SIGN_STYLE = Automatic;
				COMBINE_HIDPI_IMAGES = YES;
				DEVELOPMENT_TEAM = PKKP3P6RGM;
				ENABLE_HARDENED_RUNTIME = YES;
				ENABLE_PREVIEWS = YES;
				INFOPLIST_FILE = macOS/Info.plist;
				LD_RUNPATH_SEARCH_PATHS = (
					"$(inherited)",
					"@executable_path/../Frameworks",
				);
				MACOSX_DEPLOYMENT_TARGET = 10.16;
				PRODUCT_BUNDLE_IDENTIFIER = fr.orbisec.Graphism;
				PRODUCT_NAME = Graphism;
				SDKROOT = macosx;
				SWIFT_VERSION = 5.0;
			};
			name = Debug;
		};
		2063128F24A8C38D0095911B /* Release */ = {
			isa = XCBuildConfiguration;
			buildSettings = {
				ASSETCATALOG_COMPILER_APPICON_NAME = AppIcon;
				ASSETCATALOG_COMPILER_GLOBAL_ACCENT_COLOR_NAME = AccentColor;
				CODE_SIGN_ENTITLEMENTS = macOS/macOS.entitlements;
				CODE_SIGN_STYLE = Automatic;
				COMBINE_HIDPI_IMAGES = YES;
				DEVELOPMENT_TEAM = PKKP3P6RGM;
				ENABLE_HARDENED_RUNTIME = YES;
				ENABLE_PREVIEWS = YES;
				INFOPLIST_FILE = macOS/Info.plist;
				LD_RUNPATH_SEARCH_PATHS = (
					"$(inherited)",
					"@executable_path/../Frameworks",
				);
				MACOSX_DEPLOYMENT_TARGET = 10.16;
				PRODUCT_BUNDLE_IDENTIFIER = fr.orbisec.Graphism;
				PRODUCT_NAME = Graphism;
				SDKROOT = macosx;
				SWIFT_VERSION = 5.0;
			};
			name = Release;
		};
/* End XCBuildConfiguration section */

/* Begin XCConfigurationList section */
		200A5F8124ABA4E60028180B /* Build configuration list for PBXNativeTarget "GraphismTests" */ = {
			isa = XCConfigurationList;
			buildConfigurations = (
				200A5F8224ABA4E60028180B /* Debug */,
				200A5F8324ABA4E60028180B /* Release */,
			);
			defaultConfigurationIsVisible = 0;
			defaultConfigurationName = Release;
		};
		2063126A24A8C3790095911B /* Build configuration list for PBXProject "Graphism" */ = {
			isa = XCConfigurationList;
			buildConfigurations = (
				2063128824A8C38D0095911B /* Debug */,
				2063128924A8C38D0095911B /* Release */,
			);
			defaultConfigurationIsVisible = 0;
			defaultConfigurationName = Release;
		};
		2063128A24A8C38D0095911B /* Build configuration list for PBXNativeTarget "iOS" */ = {
			isa = XCConfigurationList;
			buildConfigurations = (
				2063128B24A8C38D0095911B /* Debug */,
				2063128C24A8C38D0095911B /* Release */,
			);
			defaultConfigurationIsVisible = 0;
			defaultConfigurationName = Release;
		};
		2063128D24A8C38D0095911B /* Build configuration list for PBXNativeTarget "macOS" */ = {
			isa = XCConfigurationList;
			buildConfigurations = (
				2063128E24A8C38D0095911B /* Debug */,
				2063128F24A8C38D0095911B /* Release */,
			);
			defaultConfigurationIsVisible = 0;
			defaultConfigurationName = Release;
		};
/* End XCConfigurationList section */
	};
	rootObject = 2063126724A8C3790095911B /* Project object */;
}
